
Microsoft Visual Studio Solution File, Format Version 12.00
# Visual Studio 15
VisualStudioVersion = 15.0.27703.2042
MinimumVisualStudioVersion = 10.0.40219.1
Project("{9A19103F-16F7-4668-BE54-9A1E7A4F7556}") = "Algorithms", "Algorithms\Algorithms.csproj", "{4EF11F9E-BE3D-47D5-93EC-9FBD8F24187C}"
EndProject
Project("{9A19103F-16F7-4668-BE54-9A1E7A4F7556}") = "UnitTests", "UnitTests\UnitTests.csproj", "{F9E4E0C3-5239-4177-8D24-F6BAD3A18D6B}"
EndProject
Project("{FAE04EC0-301F-11D3-BF4B-00C04F79EFBC}") = "DataStructures", "DataStructures\DataStructures.csproj", "{9A6DB9C5-31B3-4471-A0CB-693F9C6AAF25}"
EndProject
Global
	GlobalSection(SolutionConfigurationPlatforms) = preSolution
		Debug|Any CPU = Debug|Any CPU
		Release|Any CPU = Release|Any CPU
	EndGlobalSection
	GlobalSection(ProjectConfigurationPlatforms) = postSolution
		{4EF11F9E-BE3D-47D5-93EC-9FBD8F24187C}.Debug|Any CPU.ActiveCfg = Debug|Any CPU
		{4EF11F9E-BE3D-47D5-93EC-9FBD8F24187C}.Debug|Any CPU.Build.0 = Debug|Any CPU
		{4EF11F9E-BE3D-47D5-93EC-9FBD8F24187C}.Release|Any CPU.ActiveCfg = Release|Any CPU
		{4EF11F9E-BE3D-47D5-93EC-9FBD8F24187C}.Release|Any CPU.Build.0 = Release|Any CPU
		{F9E4E0C3-5239-4177-8D24-F6BAD3A18D6B}.Debug|Any CPU.ActiveCfg = Debug|Any CPU
		{F9E4E0C3-5239-4177-8D24-F6BAD3A18D6B}.Debug|Any CPU.Build.0 = Debug|Any CPU
		{F9E4E0C3-5239-4177-8D24-F6BAD3A18D6B}.Release|Any CPU.ActiveCfg = Release|Any CPU
		{F9E4E0C3-5239-4177-8D24-F6BAD3A18D6B}.Release|Any CPU.Build.0 = Release|Any CPU
		{9A6DB9C5-31B3-4471-A0CB-693F9C6AAF25}.Debug|Any CPU.ActiveCfg = Debug|Any CPU
		{9A6DB9C5-31B3-4471-A0CB-693F9C6AAF25}.Debug|Any CPU.Build.0 = Debug|Any CPU
		{9A6DB9C5-31B3-4471-A0CB-693F9C6AAF25}.Release|Any CPU.ActiveCfg = Release|Any CPU
		{9A6DB9C5-31B3-4471-A0CB-693F9C6AAF25}.Release|Any CPU.Build.0 = Release|Any CPU
	EndGlobalSection
	GlobalSection(SolutionProperties) = preSolution
		HideSolutionNode = FALSE
	EndGlobalSection
	GlobalSection(ExtensibilityGlobals) = postSolution
		SolutionGuid = {701F5715-2B37-4FD8-B6AC-6624505F27F1}
	EndGlobalSection
EndGlobal
